
Microsoft Visual Studio Solution File, Format Version 12.00
# Visual Studio Version 16
VisualStudioVersion = 16.0.30309.148
MinimumVisualStudioVersion = 10.0.40219.1
Project("{FAE04EC0-301F-11D3-BF4B-00C04F79EFBC}") = "Lustd.Demo", "Lustd.Demo\Lustd.Demo.csproj", "{7F47AA2A-58F0-43E0-84E8-81D044C8F8F0}"
EndProject
Project("{FAE04EC0-301F-11D3-BF4B-00C04F79EFBC}") = "Lustd", "Lustd\Lustd.csproj", "{4800F77E-80B1-48E9-95F1-FA9BB6C6C058}"
EndProject
Project("{2150E333-8FDC-42A3-9474-1A3956D46DE8}") = "Solution Items", "Solution Items", "{E9DC1ED8-DE80-461C-B8D1-FB19D4788A5C}"
	ProjectSection(SolutionItems) = preProject
		.gitignore = .gitignore
		LICENSE = LICENSE
		ReadMe.md = ReadMe.md
		SharedAssemblyInfo.cs = SharedAssemblyInfo.cs
	EndProjectSection
EndProject
Global
	GlobalSection(SolutionConfigurationPlatforms) = preSolution
		Debug|Any CPU = Debug|Any CPU
		Release|Any CPU = Release|Any CPU
	EndGlobalSection
	GlobalSection(ProjectConfigurationPlatforms) = postSolution
		{7F47AA2A-58F0-43E0-84E8-81D044C8F8F0}.Debug|Any CPU.ActiveCfg = Debug|Any CPU
		{7F47AA2A-58F0-43E0-84E8-81D044C8F8F0}.Debug|Any CPU.Build.0 = Debug|Any CPU
		{7F47AA2A-58F0-43E0-84E8-81D044C8F8F0}.Release|Any CPU.ActiveCfg = Release|Any CPU
		{7F47AA2A-58F0-43E0-84E8-81D044C8F8F0}.Release|Any CPU.Build.0 = Release|Any CPU
		{4800F77E-80B1-48E9-95F1-FA9BB6C6C058}.Debug|Any CPU.ActiveCfg = Debug|Any CPU
		{4800F77E-80B1-48E9-95F1-FA9BB6C6C058}.Debug|Any CPU.Build.0 = Debug|Any CPU
		{4800F77E-80B1-48E9-95F1-FA9BB6C6C058}.Release|Any CPU.ActiveCfg = Release|Any CPU
		{4800F77E-80B1-48E9-95F1-FA9BB6C6C058}.Release|Any CPU.Build.0 = Release|Any CPU
	EndGlobalSection
	GlobalSection(SolutionProperties) = preSolution
		HideSolutionNode = FALSE
	EndGlobalSection
	GlobalSection(ExtensibilityGlobals) = postSolution
		SolutionGuid = {89535A8A-2529-4A7E-BD6A-8AFC241CD097}
	EndGlobalSection
EndGlobal
